
Microsoft Visual Studio Solution File, Format Version 12.00
# Visual Studio 2012
Project("{2150E333-8FDC-42A3-9474-1A3956D46DE8}") = "Api", "Api", "{297041D9-4186-49F5-BB79-37653390A91F}"
EndProject
Project("{2150E333-8FDC-42A3-9474-1A3956D46DE8}") = "Core", "Core", "{C0DFCAA5-A540-43BC-A417-9504CEFEADA9}"
EndProject
Project("{2150E333-8FDC-42A3-9474-1A3956D46DE8}") = "Data", "Data", "{B06AAC9D-66F7-4462-AEBB-7871A683C823}"
EndProject
Project("{2150E333-8FDC-42A3-9474-1A3956D46DE8}") = "Solution Items", "Solution Items", "{1CBFC1FA-2DAA-4690-8C34-4574B0A02D6D}"
	ProjectSection(SolutionItems) = preProject
		.gitignore = .gitignore
		key.snk = key.snk
		SharedAssemblyInfo.cs = SharedAssemblyInfo.cs
	EndProjectSection
EndProject
Project("{2150E333-8FDC-42A3-9474-1A3956D46DE8}") = ".nuget", ".nuget", "{20AB717C-5AA2-4AA7-BD55-EB852CC53536}"
	ProjectSection(SolutionItems) = preProject
		.nuget\NuGet.Config = .nuget\NuGet.Config
		.nuget\NuGet.targets = .nuget\NuGet.targets
	EndProjectSection
EndProject
Project("{2150E333-8FDC-42A3-9474-1A3956D46DE8}") = ".octopack", ".octopack", "{CA662440-C556-4132-AAF9-12E45D6B77DD}"
	ProjectSection(SolutionItems) = preProject
		.octopack\OctoPack.targets = .octopack\OctoPack.targets
		.octopack\OctoPack.Tasks.dll = .octopack\OctoPack.Tasks.dll
	EndProjectSection
EndProject
Project("{FAE04EC0-301F-11D3-BF4B-00C04F79EFBC}") = "OrangeJuice.Server.Api", "OrangeJuice.Server.Api\OrangeJuice.Server.Api.csproj", "{CAA123B5-A379-493E-A964-8286C3C90EC7}"
EndProject
Project("{FAE04EC0-301F-11D3-BF4B-00C04F79EFBC}") = "OrangeJuice.Server.Api.Test", "OrangeJuice.Server.Api.Test\OrangeJuice.Server.Api.Test.csproj", "{04AE4C35-7C05-4676-9EF7-8C360D8B5768}"
EndProject
Project("{FAE04EC0-301F-11D3-BF4B-00C04F79EFBC}") = "OrangeJuice.Server.Contracts", "OrangeJuice.Server.Contracts\OrangeJuice.Server.Contracts.csproj", "{EC948993-1645-4749-B2E5-1D3732B0A2C3}"
EndProject
Project("{00D1A9C2-B5F0-4AF3-8072-F6C62B433612}") = "OrangeJuice.Server.Data.Scheme", "OrangeJuice.Server.Data.Scheme\OrangeJuice.Server.Data.Scheme.sqlproj", "{411163BB-6EDC-4F9F-9618-F39D5DF46527}"
EndProject
Project("{FAE04EC0-301F-11D3-BF4B-00C04F79EFBC}") = "OrangeJuice.Server.Data.Model", "OrangeJuice.Server.Data.Model\OrangeJuice.Server.Data.Model.csproj", "{209CCEF8-9D7A-4AB4-B7E5-9F5C8EFE603A}"
EndProject
Project("{FAE04EC0-301F-11D3-BF4B-00C04F79EFBC}") = "OrangeJuice.Server.Data.Model.Test", "OrangeJuice.Server.Data.Model.Test\OrangeJuice.Server.Data.Model.Test.csproj", "{B6E19574-801F-4B75-B4D8-D79BAC8AE6E3}"
EndProject
Global
	GlobalSection(SolutionConfigurationPlatforms) = preSolution
		Debug|Any CPU = Debug|Any CPU
		Release|Any CPU = Release|Any CPU
	EndGlobalSection
	GlobalSection(ProjectConfigurationPlatforms) = postSolution
		{CAA123B5-A379-493E-A964-8286C3C90EC7}.Debug|Any CPU.ActiveCfg = Debug|Any CPU
		{CAA123B5-A379-493E-A964-8286C3C90EC7}.Debug|Any CPU.Build.0 = Debug|Any CPU
		{CAA123B5-A379-493E-A964-8286C3C90EC7}.Release|Any CPU.ActiveCfg = Release|Any CPU
		{CAA123B5-A379-493E-A964-8286C3C90EC7}.Release|Any CPU.Build.0 = Release|Any CPU
		{04AE4C35-7C05-4676-9EF7-8C360D8B5768}.Debug|Any CPU.ActiveCfg = Debug|Any CPU
		{04AE4C35-7C05-4676-9EF7-8C360D8B5768}.Debug|Any CPU.Build.0 = Debug|Any CPU
		{04AE4C35-7C05-4676-9EF7-8C360D8B5768}.Release|Any CPU.ActiveCfg = Release|Any CPU
		{04AE4C35-7C05-4676-9EF7-8C360D8B5768}.Release|Any CPU.Build.0 = Release|Any CPU
		{EC948993-1645-4749-B2E5-1D3732B0A2C3}.Debug|Any CPU.ActiveCfg = Debug|Any CPU
		{EC948993-1645-4749-B2E5-1D3732B0A2C3}.Debug|Any CPU.Build.0 = Debug|Any CPU
		{EC948993-1645-4749-B2E5-1D3732B0A2C3}.Release|Any CPU.ActiveCfg = Release|Any CPU
		{EC948993-1645-4749-B2E5-1D3732B0A2C3}.Release|Any CPU.Build.0 = Release|Any CPU
		{411163BB-6EDC-4F9F-9618-F39D5DF46527}.Debug|Any CPU.ActiveCfg = Debug|Any CPU
		{411163BB-6EDC-4F9F-9618-F39D5DF46527}.Debug|Any CPU.Build.0 = Debug|Any CPU
		{411163BB-6EDC-4F9F-9618-F39D5DF46527}.Debug|Any CPU.Deploy.0 = Debug|Any CPU
		{411163BB-6EDC-4F9F-9618-F39D5DF46527}.Release|Any CPU.ActiveCfg = Release|Any CPU
		{411163BB-6EDC-4F9F-9618-F39D5DF46527}.Release|Any CPU.Build.0 = Release|Any CPU
		{411163BB-6EDC-4F9F-9618-F39D5DF46527}.Release|Any CPU.Deploy.0 = Release|Any CPU
		{209CCEF8-9D7A-4AB4-B7E5-9F5C8EFE603A}.Debug|Any CPU.ActiveCfg = Debug|Any CPU
		{209CCEF8-9D7A-4AB4-B7E5-9F5C8EFE603A}.Debug|Any CPU.Build.0 = Debug|Any CPU
		{209CCEF8-9D7A-4AB4-B7E5-9F5C8EFE603A}.Release|Any CPU.ActiveCfg = Release|Any CPU
		{209CCEF8-9D7A-4AB4-B7E5-9F5C8EFE603A}.Release|Any CPU.Build.0 = Release|Any CPU
		{B6E19574-801F-4B75-B4D8-D79BAC8AE6E3}.Debug|Any CPU.ActiveCfg = Debug|Any CPU
		{B6E19574-801F-4B75-B4D8-D79BAC8AE6E3}.Debug|Any CPU.Build.0 = Debug|Any CPU
		{B6E19574-801F-4B75-B4D8-D79BAC8AE6E3}.Release|Any CPU.ActiveCfg = Release|Any CPU
		{B6E19574-801F-4B75-B4D8-D79BAC8AE6E3}.Release|Any CPU.Build.0 = Release|Any CPU
	EndGlobalSection
	GlobalSection(SolutionProperties) = preSolution
		HideSolutionNode = FALSE
	EndGlobalSection
	GlobalSection(NestedProjects) = preSolution
		{CAA123B5-A379-493E-A964-8286C3C90EC7} = {297041D9-4186-49F5-BB79-37653390A91F}
		{04AE4C35-7C05-4676-9EF7-8C360D8B5768} = {297041D9-4186-49F5-BB79-37653390A91F}
		{EC948993-1645-4749-B2E5-1D3732B0A2C3} = {C0DFCAA5-A540-43BC-A417-9504CEFEADA9}
		{411163BB-6EDC-4F9F-9618-F39D5DF46527} = {B06AAC9D-66F7-4462-AEBB-7871A683C823}
		{209CCEF8-9D7A-4AB4-B7E5-9F5C8EFE603A} = {B06AAC9D-66F7-4462-AEBB-7871A683C823}
		{B6E19574-801F-4B75-B4D8-D79BAC8AE6E3} = {B06AAC9D-66F7-4462-AEBB-7871A683C823}
	EndGlobalSection
EndGlobal
